
Microsoft Visual Studio Solution File, Format Version 12.00
# Visual Studio Version 17
VisualStudioVersion = 17.3.32804.467
MinimumVisualStudioVersion = 10.0.40219.1
Project("{FAE04EC0-301F-11D3-BF4B-00C04F79EFBC}") = "CountOfRemaingChapters", "CountOfRemaingChapters\CountOfRemaingChapters.csproj", "{F5C61BF8-99F0-4366-9BAA-FD3E5541AA20}"
EndProject
Global
	GlobalSection(SolutionConfigurationPlatforms) = preSolution
		Debug|Any CPU = Debug|Any CPU
		Release|Any CPU = Release|Any CPU
	EndGlobalSection
	GlobalSection(ProjectConfigurationPlatforms) = postSolution
		{F5C61BF8-99F0-4366-9BAA-FD3E5541AA20}.Debug|Any CPU.ActiveCfg = Debug|Any CPU
		{F5C61BF8-99F0-4366-9BAA-FD3E5541AA20}.Debug|Any CPU.Build.0 = Debug|Any CPU
		{F5C61BF8-99F0-4366-9BAA-FD3E5541AA20}.Release|Any CPU.ActiveCfg = Release|Any CPU
		{F5C61BF8-99F0-4366-9BAA-FD3E5541AA20}.Release|Any CPU.Build.0 = Release|Any CPU
	EndGlobalSection
	GlobalSection(SolutionProperties) = preSolution
		HideSolutionNode = FALSE
	EndGlobalSection
	GlobalSection(ExtensibilityGlobals) = postSolution
		SolutionGuid = {0D6011DC-014D-4057-B6AA-3D74A98DA8FB}
	EndGlobalSection
EndGlobal
